{
  "name": "web-basic",
  "version": "1.0.0",
  "lockfileVersion": 1,
  "requires": true,
  "dependencies": {
    "bootstrap3": {
      "version": "3.3.5",
      "resolved": "http://registry.npm.taobao.org/bootstrap3/download/bootstrap3-3.3.5.tgz"
    },
    "del": {
      "version": "3.0.0",
      "resolved": "http://registry.npm.taobao.org/del/download/del-3.0.0.tgz",
      "dependencies": {
        "globby": {
          "version": "http://registry.npm.taobao.org/globby/download/globby-6.1.0.tgz",
          "bundled": true
        },
        "is-path-cwd": {
          "version": "http://registry.npm.taobao.org/is-path-cwd/download/is-path-cwd-1.0.0.tgz",
          "bundled": true
        },
        "is-path-in-cwd": {
          "version": "http://registry.npm.taobao.org/is-path-in-cwd/download/is-path-in-cwd-1.0.1.tgz",
          "bundled": true
        },
        "p-map": {
          "version": "http://registry.npm.taobao.org/p-map/download/p-map-1.2.0.tgz",
          "bundled": true
        },
        "pify": {
          "version": "http://registry.npm.taobao.org/pify/download/pify-3.0.0.tgz",
          "bundled": true
        },
        "rimraf": {
          "version": "http://registry.npm.taobao.org/rimraf/download/rimraf-2.6.2.tgz",
          "bundled": true,
          "dependencies": {
            "glob": {
              "version": "http://registry.npm.taobao.org/glob/download/glob-7.1.3.tgz",
              "dependencies": {
                "fs.realpath": {
                  "version": "http://registry.npm.taobao.org/fs.realpath/download/fs.realpath-1.0.0.tgz"
                },
                "inflight": {
                  "version": "http://registry.npm.taobao.org/inflight/download/inflight-1.0.6.tgz",
                  "dependencies": {
                    "once": {
                      "version": "http://registry.npm.taobao.org/once/download/once-1.4.0.tgz",
                      "bundled": true
                    },
                    "wrappy": {
                      "version": "http://registry.npm.taobao.org/wrappy/download/wrappy-1.0.2.tgz",
                      "bundled": true
                    }
                  }
                },
                "inherits": {
                  "version": "http://registry.npm.taobao.org/inherits/download/inherits-2.0.3.tgz"
                },
                "minimatch": {
                  "version": "http://registry.npm.taobao.org/minimatch/download/minimatch-3.0.4.tgz"
                },
                "once": {
                  "version": "http://registry.npm.taobao.org/once/download/once-1.4.0.tgz",
                  "dependencies": {
                    "wrappy": {
                      "version": "http://registry.npm.taobao.org/wrappy/download/wrappy-1.0.2.tgz"
                    }
                  }
                },
                "path-is-absolute": {
                  "version": "http://registry.npm.taobao.org/path-is-absolute/download/path-is-absolute-1.0.1.tgz"
                }
              }
            }
          }
        }
      }
    },
    "gulp": {
      "version": "3.9.1",
      "resolved": "http://registry.npm.taobao.org/gulp/download/gulp-3.9.1.tgz",
      "dependencies": {
        "archy": {
          "version": "http://registry.npm.taobao.org/archy/download/archy-1.0.0.tgz",
          "bundled": true
        },
        "chalk": {
          "version": "http://registry.npm.taobao.org/chalk/download/chalk-1.1.3.tgz",
          "bundled": true,
          "dependencies": {
            "ansi-styles": {
              "version": "http://registry.npm.taobao.org/ansi-styles/download/ansi-styles-2.2.1.tgz",
              "bundled": true
            },
            "escape-string-regexp": {
              "version": "http://registry.npm.taobao.org/escape-string-regexp/download/escape-string-regexp-1.0.5.tgz",
              "bundled": true
            },
            "has-ansi": {
              "version": "http://registry.npm.taobao.org/has-ansi/download/has-ansi-2.0.0.tgz",
              "bundled": true
            },
            "strip-ansi": {
              "version": "http://registry.npm.taobao.org/strip-ansi/download/strip-ansi-3.0.1.tgz",
              "bundled": true
            },
            "supports-color": {
              "version": "http://registry.npm.taobao.org/supports-color/download/supports-color-2.0.0.tgz",
              "bundled": true
            }
          }
        },
        "deprecated": {
          "version": "http://registry.npm.taobao.org/deprecated/download/deprecated-0.0.1.tgz",
          "bundled": true
        },
        "gulp-util": {
          "version": "http://registry.npm.taobao.org/gulp-util/download/gulp-util-3.0.8.tgz",
          "bundled": true
        },
        "interpret": {
          "version": "http://registry.npm.taobao.org/interpret/download/interpret-1.1.0.tgz",
          "bundled": true
        },
        "liftoff": {
          "version": "http://registry.npm.taobao.org/liftoff/download/liftoff-2.5.0.tgz",
          "bundled": true
        },
        "minimist": {
          "version": "http://registry.npm.taobao.org/minimist/download/minimist-1.2.0.tgz",
          "bundled": true
        },
        "orchestrator": {
          "version": "http://registry.npm.taobao.org/orchestrator/download/orchestrator-0.3.8.tgz",
          "bundled": true
        },
        "pretty-hrtime": {
          "version": "http://registry.npm.taobao.org/pretty-hrtime/download/pretty-hrtime-1.0.3.tgz",
          "bundled": true
        },
        "semver": {
          "version": "http://registry.npm.taobao.org/semver/download/semver-4.3.6.tgz",
          "bundled": true
        },
        "tildify": {
          "version": "http://registry.npm.taobao.org/tildify/download/tildify-1.2.0.tgz",
          "bundled": true
        },
        "v8flags": {
          "version": "http://registry.npm.taobao.org/v8flags/download/v8flags-2.1.1.tgz",
          "bundled": true
        },
        "vinyl-fs": {
          "version": "http://registry.npm.taobao.org/vinyl-fs/download/vinyl-fs-0.3.14.tgz",
          "bundled": true
        }
      }
    },
    "gulp-clean-css": {
      "version": "3.10.0",
      "resolved": "http://registry.npm.taobao.org/gulp-clean-css/download/gulp-clean-css-3.10.0.tgz",
      "dependencies": {
        "clean-css": {
          "version": "http://registry.npm.taobao.org/clean-css/download/clean-css-4.2.1.tgz",
          "bundled": true
        },
        "plugin-error": {
          "version": "http://registry.npm.taobao.org/plugin-error/download/plugin-error-1.0.1.tgz",
          "bundled": true
        },
        "through2": {
          "version": "http://registry.npm.taobao.org/through2/download/through2-2.0.3.tgz",
          "bundled": true
        },
        "vinyl-sourcemaps-apply": {
          "version": "http://registry.npm.taobao.org/vinyl-sourcemaps-apply/download/vinyl-sourcemaps-apply-0.2.1.tgz",
          "bundled": true,
          "dependencies": {
            "source-map": {
              "version": "http://registry.npm.taobao.org/source-map/download/source-map-0.5.7.tgz"
            }
          }
        }
      }
    },
    "gulp-concat": {
      "version": "2.6.1",
      "resolved": "http://registry.npm.taobao.org/gulp-concat/download/gulp-concat-2.6.1.tgz",
      "dependencies": {
        "concat-with-sourcemaps": {
          "version": "http://registry.npm.taobao.org/concat-with-sourcemaps/download/concat-with-sourcemaps-1.1.0.tgz",
          "bundled": true
        },
        "through2": {
          "version": "http://registry.npm.taobao.org/through2/download/through2-2.0.5.tgz",
          "bundled": true,
          "dependencies": {
            "readable-stream": {
              "version": "http://registry.npm.taobao.org/readable-stream/download/readable-stream-2.3.6.tgz"
            },
            "xtend": {
              "version": "http://registry.npm.taobao.org/xtend/download/xtend-4.0.1.tgz"
            }
          }
        },
        "vinyl": {
          "version": "http://registry.npm.taobao.org/vinyl/download/vinyl-2.2.0.tgz",
          "bundled": true
        }
      }
    },
    "gulp-file-sync": {
      "version": "2.0.0",
      "resolved": "http://registry.npm.taobao.org/gulp-file-sync/download/gulp-file-sync-2.0.0.tgz",
      "dependencies": {
        "crc": {
          "version": "http://registry.npm.taobao.org/crc/download/crc-3.8.0.tgz"
        },
        "fancy-log": {
          "version": "http://registry.npm.taobao.org/fancy-log/download/fancy-log-1.3.2.tgz",
          "dependencies": {
            "ansi-gray": {
              "version": "http://registry.npm.taobao.org/ansi-gray/download/ansi-gray-0.1.1.tgz",
              "bundled": true
            },
            "color-support": {
              "version": "http://registry.npm.taobao.org/color-support/download/color-support-1.1.3.tgz",
              "bundled": true
            },
            "time-stamp": {
              "version": "http://registry.npm.taobao.org/time-stamp/download/time-stamp-1.1.0.tgz",
              "bundled": true
            }
          }
        },
        "fs-extra": {
          "version": "http://registry.npm.taobao.org/fs-extra/download/fs-extra-5.0.0.tgz"
        },
        "plugin-error": {
          "version": "http://registry.npm.taobao.org/plugin-error/download/plugin-error-0.1.2.tgz",
          "dependencies": {
            "ansi-cyan": {
              "version": "http://registry.npm.taobao.org/ansi-cyan/download/ansi-cyan-0.1.1.tgz"
            },
            "ansi-red": {
              "version": "http://registry.npm.taobao.org/ansi-red/download/ansi-red-0.1.1.tgz"
            },
            "arr-diff": {
              "version": "http://registry.npm.taobao.org/arr-diff/download/arr-diff-1.1.0.tgz"
            },
            "arr-union": {
              "version": "http://registry.npm.taobao.org/arr-union/download/arr-union-2.1.0.tgz"
            },
            "extend-shallow": {
              "version": "http://registry.npm.taobao.org/extend-shallow/download/extend-shallow-1.1.4.tgz"
            }
          }
        }
      }
    },
    "gulp-jshint": {
      "version": "2.1.0",
      "resolved": "http://registry.npm.taobao.org/gulp-jshint/download/gulp-jshint-2.1.0.tgz",
      "dependencies": {
        "lodash": {
          "version": "http://registry.npm.taobao.org/lodash/download/lodash-4.17.11.tgz"
        },
        "minimatch": {
          "version": "http://registry.npm.taobao.org/minimatch/download/minimatch-3.0.4.tgz",
          "dependencies": {
            "brace-expansion": {
              "version": "http://registry.npm.taobao.org/brace-expansion/download/brace-expansion-1.1.11.tgz",
              "bundled": true
            }
          }
        },
        "plugin-error": {
          "version": "http://registry.npm.taobao.org/plugin-error/download/plugin-error-0.1.2.tgz"
        },
        "rcloader": {
          "version": "http://registry.npm.taobao.org/rcloader/download/rcloader-0.2.2.tgz"
        },
        "through2": {
          "version": "http://registry.npm.taobao.org/through2/download/through2-2.0.5.tgz",
          "dependencies": {
            "readable-stream": {
              "version": "http://registry.npm.taobao.org/readable-stream/download/readable-stream-2.3.6.tgz"
            },
            "xtend": {
              "version": "http://registry.npm.taobao.org/xtend/download/xtend-4.0.1.tgz"
            }
          }
        }
      }
    },
    "gulp-plumber": {
      "version": "1.2.0",
      "resolved": "http://registry.npm.taobao.org/gulp-plumber/download/gulp-plumber-1.2.0.tgz",
      "dependencies": {
        "chalk": {
          "version": "http://registry.npm.taobao.org/chalk/download/chalk-1.1.3.tgz",
          "bundled": true
        },
        "fancy-log": {
          "version": "http://registry.npm.taobao.org/fancy-log/download/fancy-log-1.3.2.tgz",
          "bundled": true,
          "dependencies": {
            "ansi-gray": {
              "version": "http://registry.npm.taobao.org/ansi-gray/download/ansi-gray-0.1.1.tgz",
              "bundled": true
            },
            "color-support": {
              "version": "http://registry.npm.taobao.org/color-support/download/color-support-1.1.3.tgz",
              "bundled": true
            },
            "time-stamp": {
              "version": "http://registry.npm.taobao.org/time-stamp/download/time-stamp-1.1.0.tgz",
              "bundled": true
            }
          }
        },
        "plugin-error": {
          "version": "http://registry.npm.taobao.org/plugin-error/download/plugin-error-0.1.2.tgz",
          "bundled": true,
          "dependencies": {
            "ansi-cyan": {
              "version": "http://registry.npm.taobao.org/ansi-cyan/download/ansi-cyan-0.1.1.tgz"
            },
            "ansi-red": {
              "version": "http://registry.npm.taobao.org/ansi-red/download/ansi-red-0.1.1.tgz"
            },
            "arr-diff": {
              "version": "http://registry.npm.taobao.org/arr-diff/download/arr-diff-1.1.0.tgz"
            },
            "arr-union": {
              "version": "http://registry.npm.taobao.org/arr-union/download/arr-union-2.1.0.tgz"
            },
            "extend-shallow": {
              "version": "http://registry.npm.taobao.org/extend-shallow/download/extend-shallow-1.1.4.tgz"
            }
          }
        },
        "through2": {
          "version": "http://registry.npm.taobao.org/through2/download/through2-2.0.5.tgz",
          "bundled": true,
          "dependencies": {
            "readable-stream": {
              "version": "http://registry.npm.taobao.org/readable-stream/download/readable-stream-2.3.6.tgz"
            },
            "xtend": {
              "version": "http://registry.npm.taobao.org/xtend/download/xtend-4.0.1.tgz"
            }
          }
        }
      }
    },
    "gulp-sourcemaps": {
      "version": "2.6.4",
      "resolved": "http://registry.npm.taobao.org/gulp-sourcemaps/download/gulp-sourcemaps-2.6.4.tgz",
      "dependencies": {
        "@gulp-sourcemaps/identity-map": {
          "version": "http://registry.npm.taobao.org/@gulp-sourcemaps/identity-map/download/@gulp-sourcemaps/identity-map-1.0.2.tgz",
          "bundled": true,
          "dependencies": {
            "acorn": {
              "version": "http://registry.npm.taobao.org/acorn/download/acorn-5.7.3.tgz",
              "bundled": true
            },
            "css": {
              "version": "http://registry.npm.taobao.org/css/download/css-2.2.4.tgz",
              "bundled": true
            },
            "normalize-path": {
              "version": "http://registry.npm.taobao.org/normalize-path/download/normalize-path-2.1.1.tgz",
              "bundled": true,
              "dependencies": {
                "remove-trailing-separator": {
                  "version": "http://registry.npm.taobao.org/remove-trailing-separator/download/remove-trailing-separator-1.1.0.tgz",
                  "bundled": true
                }
              }
            },
            "source-map": {
              "version": "http://registry.npm.taobao.org/source-map/download/source-map-0.6.1.tgz",
              "bundled": true
            },
            "through2": {
              "version": "http://registry.npm.taobao.org/through2/download/through2-2.0.5.tgz",
              "bundled": true,
              "dependencies": {
                "readable-stream": {
                  "version": "http://registry.npm.taobao.org/readable-stream/download/readable-stream-2.3.6.tgz"
                },
                "xtend": {
                  "version": "http://registry.npm.taobao.org/xtend/download/xtend-4.0.1.tgz"
                }
              }
            }
          }
        },
        "@gulp-sourcemaps/map-sources": {
          "version": "http://registry.npm.taobao.org/@gulp-sourcemaps/map-sources/download/@gulp-sourcemaps/map-sources-1.0.0.tgz",
          "bundled": true,
          "dependencies": {
            "normalize-path": {
              "version": "http://registry.npm.taobao.org/normalize-path/download/normalize-path-2.1.1.tgz",
              "bundled": true,
              "dependencies": {
                "remove-trailing-separator": {
                  "version": "http://registry.npm.taobao.org/remove-trailing-separator/download/remove-trailing-separator-1.1.0.tgz",
                  "bundled": true
                }
              }
            },
            "through2": {
              "version": "http://registry.npm.taobao.org/through2/download/through2-2.0.5.tgz",
              "bundled": true
            }
          }
        },
        "acorn": {
          "version": "http://registry.npm.taobao.org/acorn/download/acorn-5.7.3.tgz",
          "bundled": true
        },
        "convert-source-map": {
          "version": "http://registry.npm.taobao.org/convert-source-map/download/convert-source-map-1.6.0.tgz",
          "bundled": true
        },
        "css": {
          "version": "http://registry.npm.taobao.org/css/download/css-2.2.4.tgz",
          "bundled": true,
          "dependencies": {
            "inherits": {
              "version": "http://registry.npm.taobao.org/inherits/download/inherits-2.0.3.tgz",
              "bundled": true
            },
            "source-map": {
              "version": "http://registry.npm.taobao.org/source-map/download/source-map-0.6.1.tgz",
              "bundled": true
            },
            "source-map-resolve": {
              "version": "http://registry.npm.taobao.org/source-map-resolve/download/source-map-resolve-0.5.2.tgz",
              "bundled": true
            },
            "urix": {
              "version": "http://registry.npm.taobao.org/urix/download/urix-0.1.0.tgz",
              "bundled": true
            }
          }
        },
        "debug-fabulous": {
          "version": "http://registry.npm.taobao.org/debug-fabulous/download/debug-fabulous-1.1.0.tgz",
          "bundled": true
        },
        "detect-newline": {
          "version": "http://registry.npm.taobao.org/detect-newline/download/detect-newline-2.1.0.tgz",
          "bundled": true
        },
        "graceful-fs": {
          "version": "http://registry.npm.taobao.org/graceful-fs/download/graceful-fs-4.1.15.tgz",
          "bundled": true
        },
        "source-map": {
          "version": "http://registry.npm.taobao.org/source-map/download/source-map-0.6.1.tgz",
          "bundled": true
        },
        "strip-bom-string": {
          "version": "http://registry.npm.taobao.org/strip-bom-string/download/strip-bom-string-1.0.0.tgz",
          "bundled": true
        },
        "through2": {
          "version": "http://registry.npm.taobao.org/through2/download/through2-2.0.5.tgz",
          "bundled": true,
          "dependencies": {
            "readable-stream": {
              "version": "http://registry.npm.taobao.org/readable-stream/download/readable-stream-2.3.6.tgz"
            },
            "xtend": {
              "version": "http://registry.npm.taobao.org/xtend/download/xtend-4.0.1.tgz"
            }
          }
        }
      }
    },
    "gulp-uglify": {
      "version": "3.0.1",
      "resolved": "http://registry.npm.taobao.org/gulp-uglify/download/gulp-uglify-3.0.1.tgz",
      "dependencies": {
        "gulplog": {
          "version": "http://registry.npm.taobao.org/gulplog/download/gulplog-1.0.0.tgz"
        },
        "has-gulplog": {
          "version": "http://registry.npm.taobao.org/has-gulplog/download/has-gulplog-0.1.0.tgz"
        },
        "lodash": {
          "version": "http://registry.npm.taobao.org/lodash/download/lodash-4.17.11.tgz"
        },
        "make-error-cause": {
          "version": "http://registry.npm.taobao.org/make-error-cause/download/make-error-cause-1.2.2.tgz"
        },
        "safe-buffer": {
          "version": "http://registry.npm.taobao.org/safe-buffer/download/safe-buffer-5.1.2.tgz"
        },
        "through2": {
          "version": "http://registry.npm.taobao.org/through2/download/through2-2.0.5.tgz",
          "dependencies": {
            "readable-stream": {
              "version": "http://registry.npm.taobao.org/readable-stream/download/readable-stream-2.3.6.tgz"
            },
            "xtend": {
              "version": "http://registry.npm.taobao.org/xtend/download/xtend-4.0.1.tgz"
            }
          }
        },
        "uglify-js": {
          "version": "http://registry.npm.taobao.org/uglify-js/download/uglify-js-3.4.9.tgz"
        },
        "vinyl-sourcemaps-apply": {
          "version": "http://registry.npm.taobao.org/vinyl-sourcemaps-apply/download/vinyl-sourcemaps-apply-0.2.1.tgz"
        }
      }
    },
    "gulp-watch": {
      "version": "5.0.1",
      "resolved": "http://registry.npm.taobao.org/gulp-watch/download/gulp-watch-5.0.1.tgz",
      "dependencies": {
        "ansi-colors": {
          "version": "http://registry.npm.taobao.org/ansi-colors/download/ansi-colors-1.1.0.tgz"
        },
        "anymatch": {
          "version": "http://registry.npm.taobao.org/anymatch/download/anymatch-1.3.2.tgz"
        },
        "chokidar": {
          "version": "http://registry.npm.taobao.org/chokidar/download/chokidar-2.0.4.tgz"
        },
        "fancy-log": {
          "version": "http://registry.npm.taobao.org/fancy-log/download/fancy-log-1.3.2.tgz",
          "dependencies": {
            "ansi-gray": {
              "version": "http://registry.npm.taobao.org/ansi-gray/download/ansi-gray-0.1.1.tgz",
              "bundled": true
            },
            "color-support": {
              "version": "http://registry.npm.taobao.org/color-support/download/color-support-1.1.3.tgz",
              "bundled": true
            },
            "time-stamp": {
              "version": "http://registry.npm.taobao.org/time-stamp/download/time-stamp-1.1.0.tgz",
              "bundled": true
            }
          }
        },
        "glob-parent": {
          "version": "http://registry.npm.taobao.org/glob-parent/download/glob-parent-3.1.0.tgz",
          "dependencies": {
            "is-glob": {
              "version": "http://registry.npm.taobao.org/is-glob/download/is-glob-3.1.0.tgz"
            },
            "path-dirname": {
              "version": "http://registry.npm.taobao.org/path-dirname/download/path-dirname-1.0.2.tgz"
            }
          }
        },
        "object-assign": {
          "version": "http://registry.npm.taobao.org/object-assign/download/object-assign-4.1.1.tgz"
        },
        "path-is-absolute": {
          "version": "http://registry.npm.taobao.org/path-is-absolute/download/path-is-absolute-1.0.1.tgz"
        },
        "plugin-error": {
          "version": "http://registry.npm.taobao.org/plugin-error/download/plugin-error-1.0.1.tgz",
          "dependencies": {
            "ansi-colors": {
              "version": "http://registry.npm.taobao.org/ansi-colors/download/ansi-colors-1.1.0.tgz",
              "dependencies": {
                "ansi-wrap": {
                  "version": "http://registry.npm.taobao.org/ansi-wrap/download/ansi-wrap-0.1.0.tgz"
                }
              }
            },
            "arr-diff": {
              "version": "http://registry.npm.taobao.org/arr-diff/download/arr-diff-4.0.0.tgz"
            },
            "arr-union": {
              "version": "http://registry.npm.taobao.org/arr-union/download/arr-union-3.1.0.tgz"
            },
            "extend-shallow": {
              "version": "http://registry.npm.taobao.org/extend-shallow/download/extend-shallow-3.0.2.tgz"
            }
          }
        },
        "readable-stream": {
          "version": "http://registry.npm.taobao.org/readable-stream/download/readable-stream-2.3.6.tgz",
          "dependencies": {
            "core-util-is": {
              "version": "http://registry.npm.taobao.org/core-util-is/download/core-util-is-1.0.2.tgz",
              "bundled": true
            },
            "inherits": {
              "version": "http://registry.npm.taobao.org/inherits/download/inherits-2.0.3.tgz",
              "bundled": true
            },
            "isarray": {
              "version": "http://registry.npm.taobao.org/isarray/download/isarray-1.0.0.tgz",
              "bundled": true
            },
            "process-nextick-args": {
              "version": "http://registry.npm.taobao.org/process-nextick-args/download/process-nextick-args-2.0.0.tgz",
              "bundled": true
            },
            "safe-buffer": {
              "version": "http://registry.npm.taobao.org/safe-buffer/download/safe-buffer-5.1.2.tgz",
              "bundled": true
            },
            "string_decoder": {
              "version": "http://registry.npm.taobao.org/string_decoder/download/string_decoder-1.1.1.tgz",
              "bundled": true
            },
            "util-deprecate": {
              "version": "http://registry.npm.taobao.org/util-deprecate/download/util-deprecate-1.0.2.tgz",
              "bundled": true
            }
          }
        },
        "slash": {
          "version": "http://registry.npm.taobao.org/slash/download/slash-1.0.0.tgz"
        },
        "vinyl": {
          "version": "http://registry.npm.taobao.org/vinyl/download/vinyl-2.2.0.tgz",
          "dependencies": {
            "clone": {
              "version": "http://registry.npm.taobao.org/clone/download/clone-2.1.2.tgz",
              "bundled": true
            },
            "clone-buffer": {
              "version": "http://registry.npm.taobao.org/clone-buffer/download/clone-buffer-1.0.0.tgz",
              "bundled": true
            },
            "clone-stats": {
              "version": "http://registry.npm.taobao.org/clone-stats/download/clone-stats-1.0.0.tgz",
              "bundled": true
            },
            "cloneable-readable": {
              "version": "http://registry.npm.taobao.org/cloneable-readable/download/cloneable-readable-1.1.2.tgz",
              "bundled": true
            },
            "remove-trailing-separator": {
              "version": "http://registry.npm.taobao.org/remove-trailing-separator/download/remove-trailing-separator-1.1.0.tgz",
              "bundled": true
            },
            "replace-ext": {
              "version": "http://registry.npm.taobao.org/replace-ext/download/replace-ext-1.0.0.tgz",
              "bundled": true
            }
          }
        },
        "vinyl-file": {
          "version": "http://registry.npm.taobao.org/vinyl-file/download/vinyl-file-2.0.0.tgz"
        }
      }
    },
    "jq-easyui": {
      "version": "1.5.3",
      "resolved": "http://registry.npm.taobao.org/jq-easyui/download/jq-easyui-1.5.3.tgz",
      "integrity": "sha1-D7M0ZyJ6jxdWrchsAex+nXaJ/go="
    },
    "jquery": {
      "version": "3.3.1",
      "resolved": "http://registry.npm.taobao.org/jquery/download/jquery-3.3.1.tgz"
    },
    "jshint": {
      "version": "2.9.6",
      "resolved": "http://registry.npm.taobao.org/jshint/download/jshint-2.9.6.tgz",
      "dependencies": {
        "cli": {
          "version": "http://registry.npm.taobao.org/cli/download/cli-1.0.1.tgz"
        },
        "console-browserify": {
          "version": "http://registry.npm.taobao.org/console-browserify/download/console-browserify-1.1.0.tgz"
        },
        "exit": {
          "version": "http://registry.npm.taobao.org/exit/download/exit-0.1.2.tgz"
        },
        "htmlparser2": {
          "version": "http://registry.npm.taobao.org/htmlparser2/download/htmlparser2-3.8.3.tgz",
          "dependencies": {
            "domelementtype": {
              "version": "http://registry.npm.taobao.org/domelementtype/download/domelementtype-1.2.1.tgz"
            },
            "domhandler": {
              "version": "http://registry.npm.taobao.org/domhandler/download/domhandler-2.3.0.tgz"
            },
            "domutils": {
              "version": "http://registry.npm.taobao.org/domutils/download/domutils-1.5.1.tgz"
            },
            "entities": {
              "version": "http://registry.npm.taobao.org/entities/download/entities-1.0.0.tgz"
            },
            "readable-stream": {
              "version": "http://registry.npm.taobao.org/readable-stream/download/readable-stream-1.1.14.tgz",
              "dependencies": {
                "core-util-is": {
                  "version": "http://registry.npm.taobao.org/core-util-is/download/core-util-is-1.0.2.tgz"
                },
                "inherits": {
                  "version": "http://registry.npm.taobao.org/inherits/download/inherits-2.0.3.tgz"
                },
                "isarray": {
                  "version": "http://registry.npm.taobao.org/isarray/download/isarray-0.0.1.tgz"
                },
                "string_decoder": {
                  "version": "http://registry.npm.taobao.org/string_decoder/download/string_decoder-0.10.31.tgz"
                }
              }
            }
          }
        },
        "lodash": {
          "version": "http://registry.npm.taobao.org/lodash/download/lodash-4.17.11.tgz"
        },
        "minimatch": {
          "version": "http://registry.npm.taobao.org/minimatch/download/minimatch-3.0.4.tgz",
          "dependencies": {
            "brace-expansion": {
              "version": "http://registry.npm.taobao.org/brace-expansion/download/brace-expansion-1.1.11.tgz",
              "bundled": true
            }
          }
        },
        "phantom": {
          "version": "http://registry.npm.taobao.org/phantom/download/phantom-4.0.12.tgz"
        },
        "phantomjs-prebuilt": {
          "version": "http://registry.npm.taobao.org/phantomjs-prebuilt/download/phantomjs-prebuilt-2.1.16.tgz",
          "dependencies": {
            "es6-promise": {
              "version": "http://registry.npm.taobao.org/es6-promise/download/es6-promise-4.2.5.tgz"
            },
            "extract-zip": {
              "version": "http://registry.npm.taobao.org/extract-zip/download/extract-zip-1.6.7.tgz"
            },
            "fs-extra": {
              "version": "http://registry.npm.taobao.org/fs-extra/download/fs-extra-1.0.0.tgz"
            },
            "hasha": {
              "version": "http://registry.npm.taobao.org/hasha/download/hasha-2.2.0.tgz",
              "dependencies": {
                "is-stream": {
                  "version": "http://registry.npm.taobao.org/is-stream/download/is-stream-1.1.0.tgz",
                  "bundled": true
                },
                "pinkie-promise": {
                  "version": "http://registry.npm.taobao.org/pinkie-promise/download/pinkie-promise-2.0.1.tgz",
                  "bundled": true,
                  "dependencies": {
                    "pinkie": {
                      "version": "http://registry.npm.taobao.org/pinkie/download/pinkie-2.0.4.tgz"
                    }
                  }
                }
              }
            },
            "kew": {
              "version": "http://registry.npm.taobao.org/kew/download/kew-0.7.0.tgz"
            },
            "progress": {
              "version": "http://registry.npm.taobao.org/progress/download/progress-1.1.8.tgz"
            },
            "request": {
              "version": "http://registry.npm.taobao.org/request/download/request-2.88.0.tgz"
            },
            "request-progress": {
              "version": "http://registry.npm.taobao.org/request-progress/download/request-progress-2.0.1.tgz"
            },
            "which": {
              "version": "http://registry.npm.taobao.org/which/download/which-1.3.1.tgz",
              "dependencies": {
                "isexe": {
                  "version": "http://registry.npm.taobao.org/isexe/download/isexe-2.0.0.tgz",
                  "bundled": true
                }
              }
            }
          }
        },
        "shelljs": {
          "version": "http://registry.npm.taobao.org/shelljs/download/shelljs-0.3.0.tgz"
        },
        "strip-json-comments": {
          "version": "http://registry.npm.taobao.org/strip-json-comments/download/strip-json-comments-1.0.4.tgz"
        },
        "unicode-5.2.0": {
          "version": "http://registry.npm.taobao.org/unicode-5.2.0/download/unicode-5.2.0-0.7.5.tgz"
        }
      }
    }
  }
}
